
Microsoft Visual Studio Solution File, Format Version 12.00
# Visual Studio Version 16
VisualStudioVersion = 16.0.29613.14
MinimumVisualStudioVersion = 10.0.40219.1
Project("{2150E333-8FDC-42A3-9474-1A3956D46DE8}") = "Items", "Items", "{464C4E74-2B7F-473C-AAFE-652525F1D31C}"
	ProjectSection(SolutionItems) = preProject
		tools\1 firmware.bat = tools\1 firmware.bat
		tools\2 SPIFFS-PCF8574.bat = tools\2 SPIFFS-PCF8574.bat
		tools\2 SPIFFS-PCF8574A.bat = tools\2 SPIFFS-PCF8574A.bat
		tools\copy-PCF8574.bat = tools\copy-PCF8574.bat
		tools\copy-PCF8574A.bat = tools\copy-PCF8574A.bat
		tools\data.bat = tools\data.bat
		README.md = README.md
	EndProjectSection
EndProject
Project("{FAE04EC0-301F-11D3-BF4B-00C04F79EFBC}") = "HTML-Remote", "HTML-Remote\HTML-Remote.csproj", "{F8D75A00-A638-4EBB-BC32-2E312EEC46DF}"
EndProject
Project("{8BC9CEB8-8B4A-11D0-8D11-00A0C91BC942}") = "WebRemote", "WebRemote\WebRemote.vcxproj", "{C5F80730-F44F-4478-BDAE-6634EFC2CA88}"
EndProject
Project("{8BC9CEB8-8B4A-11D0-8D11-00A0C91BC942}") = "Wemos-Servo-Tester", "Wemos-Servo-Tester\Wemos-Servo-Tester.vcxproj", "{A6CC88E1-AB9A-4ECE-A9E5-E552032D0D0E}"
EndProject
Global
	GlobalSection(SolutionConfigurationPlatforms) = preSolution
		Debug|Any CPU = Debug|Any CPU
		Debug|x86 = Debug|x86
		Release|Any CPU = Release|Any CPU
		Release|x86 = Release|x86
	EndGlobalSection
	GlobalSection(ProjectConfigurationPlatforms) = postSolution
		{F8D75A00-A638-4EBB-BC32-2E312EEC46DF}.Debug|Any CPU.ActiveCfg = Debug|Any CPU
		{F8D75A00-A638-4EBB-BC32-2E312EEC46DF}.Debug|Any CPU.Build.0 = Debug|Any CPU
		{F8D75A00-A638-4EBB-BC32-2E312EEC46DF}.Debug|x86.ActiveCfg = Debug|Any CPU
		{F8D75A00-A638-4EBB-BC32-2E312EEC46DF}.Debug|x86.Build.0 = Debug|Any CPU
		{F8D75A00-A638-4EBB-BC32-2E312EEC46DF}.Release|Any CPU.ActiveCfg = Release|Any CPU
		{F8D75A00-A638-4EBB-BC32-2E312EEC46DF}.Release|Any CPU.Build.0 = Release|Any CPU
		{F8D75A00-A638-4EBB-BC32-2E312EEC46DF}.Release|x86.ActiveCfg = Release|Any CPU
		{F8D75A00-A638-4EBB-BC32-2E312EEC46DF}.Release|x86.Build.0 = Release|Any CPU
		{C5F80730-F44F-4478-BDAE-6634EFC2CA88}.Debug|Any CPU.ActiveCfg = Debug|Win32
		{C5F80730-F44F-4478-BDAE-6634EFC2CA88}.Debug|x86.ActiveCfg = Debug|Win32
		{C5F80730-F44F-4478-BDAE-6634EFC2CA88}.Debug|x86.Build.0 = Debug|Win32
		{C5F80730-F44F-4478-BDAE-6634EFC2CA88}.Release|Any CPU.ActiveCfg = Release|Win32
		{C5F80730-F44F-4478-BDAE-6634EFC2CA88}.Release|x86.ActiveCfg = Release|Win32
		{C5F80730-F44F-4478-BDAE-6634EFC2CA88}.Release|x86.Build.0 = Release|Win32
		{A6CC88E1-AB9A-4ECE-A9E5-E552032D0D0E}.Debug|Any CPU.ActiveCfg = Debug|Win32
		{A6CC88E1-AB9A-4ECE-A9E5-E552032D0D0E}.Debug|x86.ActiveCfg = Debug|Win32
		{A6CC88E1-AB9A-4ECE-A9E5-E552032D0D0E}.Debug|x86.Build.0 = Debug|Win32
		{A6CC88E1-AB9A-4ECE-A9E5-E552032D0D0E}.Release|Any CPU.ActiveCfg = Release|Win32
		{A6CC88E1-AB9A-4ECE-A9E5-E552032D0D0E}.Release|x86.ActiveCfg = Release|Win32
		{A6CC88E1-AB9A-4ECE-A9E5-E552032D0D0E}.Release|x86.Build.0 = Release|Win32
	EndGlobalSection
	GlobalSection(SolutionProperties) = preSolution
		HideSolutionNode = FALSE
	EndGlobalSection
	GlobalSection(ExtensibilityGlobals) = postSolution
		SolutionGuid = {C99F1A7C-9B14-44EE-9608-3326C47E81E2}
	EndGlobalSection
EndGlobal
